PODS:
  - OHHTTPStubs (4.1.0)
  - RSDRESTServices (0.4.2):
    - OHHTTPStubs (~> 4.1.0)
    - RSDSerialization (~> 0.3)
  - RSDSerialization (0.3.5)
  - RSDTesting (0.1.15)
  - TITokenField (0.9.5)

DEPENDENCIES:
  - OHHTTPStubs (~> 4.1.0)
  - RSDRESTServices (~> 0.1)
  - RSDTesting (~> 0.1)
  - TITokenField (~> 0.9)

SPEC CHECKSUMS:
  OHHTTPStubs: f3473ab21dbf0815253ac96b977d5c36f1daad09
  RSDRESTServices: bb650facbfd9e075c7a3ee8567c9f52ebfea1514
  RSDSerialization: 33dcca07d23e91b4fde50b00136452187eceb88a
  RSDTesting: 44e2f7447b54c45b9242464378ec1bbadb70d6fb
  TITokenField: 39da9ead760009440ffc38602070d2097901430c

COCOAPODS: 0.39.0.beta.5
